// !$*UTF8*$!
{
	archiveVersion = 1;
	classes = {
	};
	objectVersion = 50;
	objects = {

/* Begin PBXBuildFile section */
		0956F55C225AF45E00CA026F /* WGLTrafficMonitor.m in Sources */ = {isa = PBXBuildFile; fileRef = 0956F55B225AF45E00CA026F /* WGLTrafficMonitor.m */; };
		0956F55D225AF45E00CA026F /* WGLTrafficMonitor.h in CopyFiles */ = {isa = PBXBuildFile; fileRef = 0956F55A225AF45E00CA026F /* WGLTrafficMonitor.h */; };
		0956F565225AF49000CA026F /* WGLTrafficCommon.m in Sources */ = {isa = PBXBuildFile; fileRef = 0956F564225AF49000CA026F /* WGLTrafficCommon.m */; };
/* End PBXBuildFile section */

/* Begin PBXCopyFilesBuildPhase section */
		0956F555225AF45E00CA026F /* CopyFiles */ = {
			isa = PBXCopyFilesBuildPhase;
			buildActionMask = 2147483647;
			dstPath = "include/$(PRODUCT_NAME)";
			dstSubfolderSpec = 16;
			files = (
				0956F55D225AF45E00CA026F /* WGLTrafficMonitor.h in CopyFiles */,
			);
			runOnlyForDeploymentPostprocessing = 0;
		};
/* End PBXCopyFilesBuildPhase section */

/* Begin PBXFileReference section */
		0956F557225AF45E00CA026F /* libWGLTrafficMonitor.a */ = {isa = PBXFileReference; explicitFileType = archive.ar; includeInIndex = 0; path = libWGLTrafficMonitor.a; sourceTree = BUILT_PRODUCTS_DIR; };
		0956F55A225AF45E00CA026F /* WGLTrafficMonitor.h */ = {isa = PBXFileReference; lastKnownFileType = sourcecode.c.h; path = WGLTrafficMonitor.h; sourceTree = "<group>"; };
		0956F55B225AF45E00CA026F /* WGLTrafficMonitor.m */ = {isa = PBXFileReference; lastKnownFileType = sourcecode.c.objc; path = WGLTrafficMonitor.m; sourceTree = "<group>"; };
		0956F563225AF49000CA026F /* WGLTrafficCommon.h */ = {isa = PBXFileReference; lastKnownFileType = sourcecode.c.h; path = WGLTrafficCommon.h; sourceTree = "<group>"; };
		0956F564225AF49000CA026F /* WGLTrafficCommon.m */ = {isa = PBXFileReference; lastKnownFileType = sourcecode.c.objc; path = WGLTrafficCommon.m; sourceTree = "<group>"; };
/* End PBXFileReference section */

/* Begin PBXFrameworksBuildPhase section */
		0956F554225AF45E00CA026F /* Frameworks */ = {
			isa = PBXFrameworksBuildPhase;
			buildActionMask = 2147483647;
			files = (
			);
			runOnlyForDeploymentPostprocessing = 0;
		};
/* End PBXFrameworksBuildPhase section */

/* Begin PBXGroup section */
		0956F54E225AF45E00CA026F = {
			isa = PBXGroup;
			children = (
				0956F559225AF45E00CA026F /* WGLTrafficMonitor */,
				0956F558225AF45E00CA026F /* Products */,
			);
			sourceTree = "<group>";
		};
		0956F558225AF45E00CA026F /* Products */ = {
			isa = PBXGroup;
			children = (
				0956F557225AF45E00CA026F /* libWGLTrafficMonitor.a */,
			);
			name = Products;
			sourceTree = "<group>";
		};
		0956F559225AF45E00CA026F /* WGLTrafficMonitor */ = {
			isa = PBXGroup;
			children = (
				0956F55A225AF45E00CA026F /* WGLTrafficMonitor.h */,
				0956F55B225AF45E00CA026F /* WGLTrafficMonitor.m */,
				0956F563225AF49000CA026F /* WGLTrafficCommon.h */,
				0956F564225AF49000CA026F /* WGLTrafficCommon.m */,
			);
			path = WGLTrafficMonitor;
			sourceTree = "<group>";
		};
/* End PBXGroup section */

/* Begin PBXNativeTarget section */
		0956F556225AF45E00CA026F /* WGLTrafficMonitor */ = {
			isa = PBXNativeTarget;
			buildConfigurationList = 0956F560225AF45E00CA026F /* Build configuration list for PBXNativeTarget "WGLTrafficMonitor" */;
			buildPhases = (
				0956F553225AF45E00CA026F /* Sources */,
				0956F554225AF45E00CA026F /* Frameworks */,
				0956F555225AF45E00CA026F /* CopyFiles */,
			);
			buildRules = (
			);
			dependencies = (
			);
			name = WGLTrafficMonitor;
			productName = WGLTrafficMonitor;
			productReference = 0956F557225AF45E00CA026F /* libWGLTrafficMonitor.a */;
			productType = "com.apple.product-type.library.static";
		};
/* End PBXNativeTarget section */

/* Begin PBXProject section */
		0956F54F225AF45E00CA026F /* Project object */ = {
			isa = PBXProject;
			attributes = {
				LastUpgradeCheck = 1020;
				ORGANIZATIONNAME = WGLKit;
				TargetAttributes = {
					0956F556225AF45E00CA026F = {
						CreatedOnToolsVersion = 10.2;
					};
				};
			};
			buildConfigurationList = 0956F552225AF45E00CA026F /* Build configuration list for PBXProject "WGLTrafficMonitor" */;
			compatibilityVersion = "Xcode 9.3";
			developmentRegion = en;
			hasScannedForEncodings = 0;
			knownRegions = (
				en,
			);
			mainGroup = 0956F54E225AF45E00CA026F;
			productRefGroup = 0956F558225AF45E00CA026F /* Products */;
			projectDirPath = "";
			projectRoot = "";
			targets = (
				0956F556225AF45E00CA026F /* WGLTrafficMonitor */,
			);
		};
/* End PBXProject section */

/* Begin PBXSourcesBuildPhase section */
		0956F553225AF45E00CA026F /* Sources */ = {
			isa = PBXSourcesBuildPhase;
			buildActionMask = 2147483647;
			files = (
				0956F55C225AF45E00CA026F /* WGLTrafficMonitor.m in Sources */,
				0956F565225AF49000CA026F /* WGLTrafficCommon.m in Sources */,
			);
			runOnlyForDeploymentPostprocessing = 0;
		};
/* End PBXSourcesBuildPhase section */

/* Begin XCBuildConfiguration section */
		0956F55E225AF45E00CA026F /* Debug */ = {
			isa = XCBuildConfiguration;
			buildSettings = {
				ALWAYS_SEARCH_USER_PATHS = NO;
				CLANG_ANALYZER_NONNULL = YES;
				CLANG_ANALYZER_NUMBER_OBJECT_CONVERSION = YES_AGGRESSIVE;
				CLANG_CXX_LANGUAGE_STANDARD = "gnu++14";
				CLANG_CXX_LIBRARY = "libc++";
				CLANG_ENABLE_MODULES = YES;
				CLANG_ENABLE_OBJC_ARC = YES;
				CLANG_ENABLE_OBJC_WEAK = YES;
				CLANG_WARN_BLOCK_CAPTURE_AUTORELEASING = YES;
				CLANG_WARN_BOOL_CONVERSION = YES;
				CLANG_WARN_COMMA = YES;
				CLANG_WARN_CONSTANT_CONVERSION = YES;
				CLANG_WARN_DEPRECATED_OBJC_IMPLEMENTATIONS = YES;
				CLANG_WARN_DIRECT_OBJC_ISA_USAGE = YES_ERROR;
				CLANG_WARN_DOCUMENTATION_COMMENTS = YES;
				CLANG_WARN_EMPTY_BODY = YES;
				CLANG_WARN_ENUM_CONVERSION = YES;
				CLANG_WARN_INFINITE_RECURSION = YES;
				CLANG_WARN_INT_CONVERSION = YES;
				CLANG_WARN_NON_LITERAL_NULL_CONVERSION = YES;
				CLANG_WARN_OBJC_IMPLICIT_RETAIN_SELF = YES;
				CLANG_WARN_OBJC_LITERAL_CONVERSION = YES;
				CLANG_WARN_OBJC_ROOT_CLASS = YES_ERROR;
				CLANG_WARN_RANGE_LOOP_ANALYSIS = YES;
				CLANG_WARN_STRICT_PROTOTYPES = YES;
				CLANG_WARN_SUSPICIOUS_MOVE = YES;
				CLANG_WARN_UNGUARDED_AVAILABILITY = YES_AGGRESSIVE;
				CLANG_WARN_UNREACHABLE_CODE = YES;
				CLANG_WARN__DUPLICATE_METHOD_MATCH = YES;
				CODE_SIGN_IDENTITY = "iPhone Developer";
				COPY_PHASE_STRIP = NO;
				DEBUG_INFORMATION_FORMAT = dwarf;
				ENABLE_STRICT_OBJC_MSGSEND = YES;
				ENABLE_TESTABILITY = YES;
				GCC_C_LANGUAGE_STANDARD = gnu11;
				GCC_DYNAMIC_NO_PIC = NO;
				GCC_NO_COMMON_BLOCKS = YES;
				GCC_OPTIMIZATION_LEVEL = 0;
				GCC_PREPROCESSOR_DEFINITIONS = (
					"DEBUG=1",
					"$(inherited)",
				);
				GCC_WARN_64_TO_32_BIT_CONVERSION = YES;
				GCC_WARN_ABOUT_RETURN_TYPE = YES_ERROR;
				GCC_WARN_UNDECLARED_SELECTOR = YES;
				GCC_WARN_UNINITIALIZED_AUTOS = YES_AGGRESSIVE;
				GCC_WARN_UNUSED_FUNCTION = YES;
				GCC_WARN_UNUSED_VARIABLE = YES;
				IPHONEOS_DEPLOYMENT_TARGET = 12.2;
				MTL_ENABLE_DEBUG_INFO = INCLUDE_SOURCE;
				MTL_FAST_MATH = YES;
				ONLY_ACTIVE_ARCH = YES;
				SDKROOT = iphoneos;
			};
			name = Debug;
		};
		0956F55F225AF45E00CA026F /* Release */ = {
			isa = XCBuildConfiguration;
			buildSettings = {
				ALWAYS_SEARCH_USER_PATHS = NO;
				CLANG_ANALYZER_NONNULL = YES;
				CLANG_ANALYZER_NUMBER_OBJECT_CONVERSION = YES_AGGRESSIVE;
				CLANG_CXX_LANGUAGE_STANDARD = "gnu++14";
				CLANG_CXX_LIBRARY = "libc++";
				CLANG_ENABLE_MODULES = YES;
				CLANG_ENABLE_OBJC_ARC = YES;
				CLANG_ENABLE_OBJC_WEAK = YES;
				CLANG_WARN_BLOCK_CAPTURE_AUTORELEASING = YES;
				CLANG_WARN_BOOL_CONVERSION = YES;
				CLANG_WARN_COMMA = YES;
				CLANG_WARN_CONSTANT_CONVERSION = YES;
				CLANG_WARN_DEPRECATED_OBJC_IMPLEMENTATIONS = YES;
				CLANG_WARN_DIRECT_OBJC_ISA_USAGE = YES_ERROR;
				CLANG_WARN_DOCUMENTATION_COMMENTS = YES;
				CLANG_WARN_EMPTY_BODY = YES;
				CLANG_WARN_ENUM_CONVERSION = YES;
				CLANG_WARN_INFINITE_RECURSION = YES;
				CLANG_WARN_INT_CONVERSION = YES;
				CLANG_WARN_NON_LITERAL_NULL_CONVERSION = YES;
				CLANG_WARN_OBJC_IMPLICIT_RETAIN_SELF = YES;
				CLANG_WARN_OBJC_LITERAL_CONVERSION = YES;
				CLANG_WARN_OBJC_ROOT_CLASS = YES_ERROR;
				CLANG_WARN_RANGE_LOOP_ANALYSIS = YES;
				CLANG_WARN_STRICT_PROTOTYPES = YES;
				CLANG_WARN_SUSPICIOUS_MOVE = YES;
				CLANG_WARN_UNGUARDED_AVAILABILITY = YES_AGGRESSIVE;
				CLANG_WARN_UNREACHABLE_CODE = YES;
				CLANG_WARN__DUPLICATE_METHOD_MATCH = YES;
				CODE_SIGN_IDENTITY = "iPhone Developer";
				COPY_PHASE_STRIP = NO;
				DEBUG_INFORMATION_FORMAT = "dwarf-with-dsym";
				ENABLE_NS_ASSERTIONS = NO;
				ENABLE_STRICT_OBJC_MSGSEND = YES;
				GCC_C_LANGUAGE_STANDARD = gnu11;
				GCC_NO_COMMON_BLOCKS = YES;
				GCC_WARN_64_TO_32_BIT_CONVERSION = YES;
				GCC_WARN_ABOUT_RETURN_TYPE = YES_ERROR;
				GCC_WARN_UNDECLARED_SELECTOR = YES;
				GCC_WARN_UNINITIALIZED_AUTOS = YES_AGGRESSIVE;
				GCC_WARN_UNUSED_FUNCTION = YES;
				GCC_WARN_UNUSED_VARIABLE = YES;
				IPHONEOS_DEPLOYMENT_TARGET = 12.2;
				MTL_ENABLE_DEBUG_INFO = NO;
				MTL_FAST_MATH = YES;
				SDKROOT = iphoneos;
				VALIDATE_PRODUCT = YES;
			};
			name = Release;
		};
		0956F561225AF45E00CA026F /* Debug */ = {
			isa = XCBuildConfiguration;
			buildSettings = {
				CODE_SIGN_STYLE = Automatic;
				OTHER_LDFLAGS = "-ObjC";
				PRODUCT_NAME = "$(TARGET_NAME)";
				SKIP_INSTALL = YES;
				TARGETED_DEVICE_FAMILY = "1,2";
			};
			name = Debug;
		};
		0956F562225AF45E00CA026F /* Release */ = {
			isa = XCBuildConfiguration;
			buildSettings = {
				CODE_SIGN_STYLE = Automatic;
				OTHER_LDFLAGS = "-ObjC";
				PRODUCT_NAME = "$(TARGET_NAME)";
				SKIP_INSTALL = YES;
				TARGETED_DEVICE_FAMILY = "1,2";
			};
			name = Release;
		};
/* End XCBuildConfiguration section */

/* Begin XCConfigurationList section */
		0956F552225AF45E00CA026F /* Build configuration list for PBXProject "WGLTrafficMonitor" */ = {
			isa = XCConfigurationList;
			buildConfigurations = (
				0956F55E225AF45E00CA026F /* Debug */,
				0956F55F225AF45E00CA026F /* Release */,
			);
			defaultConfigurationIsVisible = 0;
			defaultConfigurationName = Release;
		};
		0956F560225AF45E00CA026F /* Build configuration list for PBXNativeTarget "WGLTrafficMonitor" */ = {
			isa = XCConfigurationList;
			buildConfigurations = (
				0956F561225AF45E00CA026F /* Debug */,
				0956F562225AF45E00CA026F /* Release */,
			);
			defaultConfigurationIsVisible = 0;
			defaultConfigurationName = Release;
		};
/* End XCConfigurationList section */
	};
	rootObject = 0956F54F225AF45E00CA026F /* Project object */;
}
